803cd174ea156301d31d3df53dd0d9b795f943d4e1b09d753f36c91e8c409b2b  lib/sakshi.cyr
a9e76d42c63f8d677b91d341fa576780823c7993371b684c7dbbd312a3bf059d  lib/sankoch.cyr
93b4698a606ad20b494c59a04300acbf1e7cd14ae7b68ff1c70e281b2ac26636  lib/sigil.cyr
0f8dfb669f666303abfd7e6137bceaa671cd8275f1db28ba4369cc3a774b7a07  lib/patra.cyr
eb7208509da48ec08674fa812df205ba2ec12f3a4ef54b3a6c3ec4ba295d1139  lib/agnosys.cyr
