803cd174ea156301d31d3df53dd0d9b795f943d4e1b09d753f36c91e8c409b2b  lib/sakshi.cyr
a9e76d42c63f8d677b91d341fa576780823c7993371b684c7dbbd312a3bf059d  lib/sankoch.cyr
93b4698a606ad20b494c59a04300acbf1e7cd14ae7b68ff1c70e281b2ac26636  lib/sigil.cyr
ebac3e280701a2b5894fabca0a8ed7e12502bcd5ca83f1880ea71062f871c2bd  lib/patra.cyr
7bb0a0e11a549e4bea6139f40cb80fca086d1fa9a57c103cf12365e3a46938c8  lib/agnosys.cyr
